// !$*UTF8*$!
{
	archiveVersion = 1;
	classes = {
	};
	objectVersion = 56;
	objects = {

/* Begin PBXBuildFile section */
		BC52B4642A96775400A0F663 /* AppDelegate.swift in Sources */ = {isa = PBXBuildFile; fileRef = BC52B4632A96775400A0F663 /* AppDelegate.swift */; };
		BC52B4662A96775400A0F663 /* SceneDelegate.swift in Sources */ = {isa = PBXBuildFile; fileRef = BC52B4652A96775400A0F663 /* SceneDelegate.swift */; };
		BC52B46D2A96775800A0F663 /* Assets.xcassets in Resources */ = {isa = PBXBuildFile; fileRef = BC52B46C2A96775800A0F663 /* Assets.xcassets */; };
		BC52B4702A96775800A0F663 /* LaunchScreen.storyboard in Resources */ = {isa = PBXBuildFile; fileRef = BC52B46E2A96775800A0F663 /* LaunchScreen.storyboard */; };
		BC52B47A2A9681C900A0F663 /* SearchVC.swift in Sources */ = {isa = PBXBuildFile; fileRef = BC52B4792A9681C900A0F663 /* SearchVC.swift */; };
		BC52B47C2A96820200A0F663 /* FavoritesListVC.swift in Sources */ = {isa = PBXBuildFile; fileRef = BC52B47B2A96820200A0F663 /* FavoritesListVC.swift */; };
		BC52B47E2A993DF700A0F663 /* GFButton.swift in Sources */ = {isa = PBXBuildFile; fileRef = BC52B47D2A993DF700A0F663 /* GFButton.swift */; };
		BC52B4802A99431000A0F663 /* GFTextField.swift in Sources */ = {isa = PBXBuildFile; fileRef = BC52B47F2A99431000A0F663 /* GFTextField.swift */; };
		BC5F07AF2AA288C3007096F8 /* FollowerListVC.swift in Sources */ = {isa = PBXBuildFile; fileRef = BC5F07AE2AA288C3007096F8 /* FollowerListVC.swift */; };
		BC5F07B12AA3BBE6007096F8 /* GFTitleLabel.swift in Sources */ = {isa = PBXBuildFile; fileRef = BC5F07B02AA3BBE6007096F8 /* GFTitleLabel.swift */; };
		BC5F07B32AA3BE7B007096F8 /* GFBodyLabel.swift in Sources */ = {isa = PBXBuildFile; fileRef = BC5F07B22AA3BE7B007096F8 /* GFBodyLabel.swift */; };
		BC5F07B52AA3BF51007096F8 /* GFAlertVC.swift in Sources */ = {isa = PBXBuildFile; fileRef = BC5F07B42AA3BF51007096F8 /* GFAlertVC.swift */; };
		BC5F07B72AA3D2C2007096F8 /* UIViewController+Ext.swift in Sources */ = {isa = PBXBuildFile; fileRef = BC5F07B62AA3D2C2007096F8 /* UIViewController+Ext.swift */; };
		BC5F07BE2AA67473007096F8 /* Follower.swift in Sources */ = {isa = PBXBuildFile; fileRef = BC5F07BD2AA67473007096F8 /* Follower.swift */; };
		BC5F07C02AA675CC007096F8 /* User.swift in Sources */ = {isa = PBXBuildFile; fileRef = BC5F07BF2AA675CC007096F8 /* User.swift */; };
		BC5F07C32AA67DFF007096F8 /* NetworkManager.swift in Sources */ = {isa = PBXBuildFile; fileRef = BC5F07C22AA67DFF007096F8 /* NetworkManager.swift */; };
/* End PBXBuildFile section */

/* Begin PBXFileReference section */
		BC52B4602A96775400A0F663 /* GHFollowers.app */ = {isa = PBXFileReference; explicitFileType = wrapper.application; includeInIndex = 0; path = GHFollowers.app; sourceTree = BUILT_PRODUCTS_DIR; };
		BC52B4632A96775400A0F663 /* AppDelegate.swift */ = {isa = PBXFileReference; lastKnownFileType = sourcecode.swift; path = AppDelegate.swift; sourceTree = "<group>"; };
		BC52B4652A96775400A0F663 /* SceneDelegate.swift */ = {isa = PBXFileReference; lastKnownFileType = sourcecode.swift; path = SceneDelegate.swift; sourceTree = "<group>"; };
		BC52B46C2A96775800A0F663 /* Assets.xcassets */ = {isa = PBXFileReference; lastKnownFileType = folder.assetcatalog; path = Assets.xcassets; sourceTree = "<group>"; };
		BC52B46F2A96775800A0F663 /* Base */ = {isa = PBXFileReference; lastKnownFileType = file.storyboard; name = Base; path = Base.lproj/LaunchScreen.storyboard; sourceTree = "<group>"; };
		BC52B4712A96775800A0F663 /* Info.plist */ = {isa = PBXFileReference; lastKnownFileType = text.plist.xml; path = Info.plist; sourceTree = "<group>"; };
		BC52B4792A9681C900A0F663 /* SearchVC.swift */ = {isa = PBXFileReference; lastKnownFileType = sourcecode.swift; path = SearchVC.swift; sourceTree = "<group>"; };
		BC52B47B2A96820200A0F663 /* FavoritesListVC.swift */ = {isa = PBXFileReference; lastKnownFileType = sourcecode.swift; path = FavoritesListVC.swift; sourceTree = "<group>"; };
		BC52B47D2A993DF700A0F663 /* GFButton.swift */ = {isa = PBXFileReference; lastKnownFileType = sourcecode.swift; path = GFButton.swift; sourceTree = "<group>"; };
		BC52B47F2A99431000A0F663 /* GFTextField.swift */ = {isa = PBXFileReference; lastKnownFileType = sourcecode.swift; path = GFTextField.swift; sourceTree = "<group>"; };
		BC5F07AE2AA288C3007096F8 /* FollowerListVC.swift */ = {isa = PBXFileReference; lastKnownFileType = sourcecode.swift; path = FollowerListVC.swift; sourceTree = "<group>"; };
		BC5F07B02AA3BBE6007096F8 /* GFTitleLabel.swift */ = {isa = PBXFileReference; lastKnownFileType = sourcecode.swift; path = GFTitleLabel.swift; sourceTree = "<group>"; };
		BC5F07B22AA3BE7B007096F8 /* GFBodyLabel.swift */ = {isa = PBXFileReference; lastKnownFileType = sourcecode.swift; path = GFBodyLabel.swift; sourceTree = "<group>"; };
		BC5F07B42AA3BF51007096F8 /* GFAlertVC.swift */ = {isa = PBXFileReference; lastKnownFileType = sourcecode.swift; path = GFAlertVC.swift; sourceTree = "<group>"; };
		BC5F07B62AA3D2C2007096F8 /* UIViewController+Ext.swift */ = {isa = PBXFileReference; lastKnownFileType = sourcecode.swift; path = "UIViewController+Ext.swift"; sourceTree = "<group>"; };
		BC5F07BD2AA67473007096F8 /* Follower.swift */ = {isa = PBXFileReference; lastKnownFileType = sourcecode.swift; path = Follower.swift; sourceTree = "<group>"; };
		BC5F07BF2AA675CC007096F8 /* User.swift */ = {isa = PBXFileReference; lastKnownFileType = sourcecode.swift; path = User.swift; sourceTree = "<group>"; };
		BC5F07C22AA67DFF007096F8 /* NetworkManager.swift */ = {isa = PBXFileReference; lastKnownFileType = sourcecode.swift; path = NetworkManager.swift; sourceTree = "<group>"; };
/* End PBXFileReference section */

/* Begin PBXFrameworksBuildPhase section */
		BC52B45D2A96775400A0F663 /* Frameworks */ = {
			isa = PBXFrameworksBuildPhase;
			buildActionMask = 2147483647;
			files = (
			);
			runOnlyForDeploymentPostprocessing = 0;
		};
/* End PBXFrameworksBuildPhase section */

/* Begin PBXGroup section */
		BC52B4572A96775400A0F663 = {
			isa = PBXGroup;
			children = (
				BC52B4622A96775400A0F663 /* GHFollowers */,
				BC52B4612A96775400A0F663 /* Products */,
			);
			sourceTree = "<group>";
		};
		BC52B4612A96775400A0F663 /* Products */ = {
			isa = PBXGroup;
			children = (
				BC52B4602A96775400A0F663 /* GHFollowers.app */,
			);
			name = Products;
			sourceTree = "<group>";
		};
		BC52B4622A96775400A0F663 /* GHFollowers */ = {
			isa = PBXGroup;
			children = (
				BC5F07C12AA67DEB007096F8 /* Managers */,
				BC52B4712A96775800A0F663 /* Info.plist */,
				BC5F07BC2AA6744D007096F8 /* Modal */,
				BC5F07BB2AA3D761007096F8 /* Support */,
				BC5F07BA2AA3D702007096F8 /* Extensions */,
				BC5F07B92AA3D6CC007096F8 /* Custom Views */,
				BC5F07B82AA3D69C007096F8 /* Screens */,
			);
			path = GHFollowers;
			sourceTree = "<group>";
		};
		BC5F07B82AA3D69C007096F8 /* Screens */ = {
			isa = PBXGroup;
			children = (
				BC52B4792A9681C900A0F663 /* SearchVC.swift */,
				BC52B47B2A96820200A0F663 /* FavoritesListVC.swift */,
				BC5F07AE2AA288C3007096F8 /* FollowerListVC.swift */,
			);
			path = Screens;
			sourceTree = "<group>";
		};
		BC5F07B92AA3D6CC007096F8 /* Custom Views */ = {
			isa = PBXGroup;
			children = (
				BC5F07B42AA3BF51007096F8 /* GFAlertVC.swift */,
				BC52B47D2A993DF700A0F663 /* GFButton.swift */,
				BC52B47F2A99431000A0F663 /* GFTextField.swift */,
				BC5F07B02AA3BBE6007096F8 /* GFTitleLabel.swift */,
				BC5F07B22AA3BE7B007096F8 /* GFBodyLabel.swift */,
			);
			path = "Custom Views";
			sourceTree = "<group>";
		};
		BC5F07BA2AA3D702007096F8 /* Extensions */ = {
			isa = PBXGroup;
			children = (
				BC5F07B62AA3D2C2007096F8 /* UIViewController+Ext.swift */,
			);
			path = Extensions;
			sourceTree = "<group>";
		};
		BC5F07BB2AA3D761007096F8 /* Support */ = {
			isa = PBXGroup;
			children = (
				BC52B4632A96775400A0F663 /* AppDelegate.swift */,
				BC52B4652A96775400A0F663 /* SceneDelegate.swift */,
				BC52B46C2A96775800A0F663 /* Assets.xcassets */,
				BC52B46E2A96775800A0F663 /* LaunchScreen.storyboard */,
			);
			path = Support;
			sourceTree = "<group>";
		};
		BC5F07BC2AA6744D007096F8 /* Modal */ = {
			isa = PBXGroup;
			children = (
				BC5F07BD2AA67473007096F8 /* Follower.swift */,
				BC5F07BF2AA675CC007096F8 /* User.swift */,
			);
			path = Modal;
			sourceTree = "<group>";
		};
		BC5F07C12AA67DEB007096F8 /* Managers */ = {
			isa = PBXGroup;
			children = (
				BC5F07C22AA67DFF007096F8 /* NetworkManager.swift */,
			);
			path = Managers;
			sourceTree = "<group>";
		};
/* End PBXGroup section */

/* Begin PBXNativeTarget section */
		BC52B45F2A96775400A0F663 /* GHFollowers */ = {
			isa = PBXNativeTarget;
			buildConfigurationList = BC52B4742A96775800A0F663 /* Build configuration list for PBXNativeTarget "GHFollowers" */;
			buildPhases = (
				BC52B45C2A96775400A0F663 /* Sources */,
				BC52B45D2A96775400A0F663 /* Frameworks */,
				BC52B45E2A96775400A0F663 /* Resources */,
			);
			buildRules = (
			);
			dependencies = (
			);
			name = GHFollowers;
			productName = GHFollowers;
			productReference = BC52B4602A96775400A0F663 /* GHFollowers.app */;
			productType = "com.apple.product-type.application";
		};
/* End PBXNativeTarget section */

/* Begin PBXProject section */
		BC52B4582A96775400A0F663 /* Project object */ = {
			isa = PBXProject;
			attributes = {
				BuildIndependentTargetsInParallel = 1;
				LastSwiftUpdateCheck = 1430;
				LastUpgradeCheck = 1430;
				TargetAttributes = {
					BC52B45F2A96775400A0F663 = {
						CreatedOnToolsVersion = 14.3.1;
					};
				};
			};
			buildConfigurationList = BC52B45B2A96775400A0F663 /* Build configuration list for PBXProject "GHFollowers" */;
			compatibilityVersion = "Xcode 14.0";
			developmentRegion = en;
			hasScannedForEncodings = 0;
			knownRegions = (
				en,
				Base,
			);
			mainGroup = BC52B4572A96775400A0F663;
			productRefGroup = BC52B4612A96775400A0F663 /* Products */;
			projectDirPath = "";
			projectRoot = "";
			targets = (
				BC52B45F2A96775400A0F663 /* GHFollowers */,
			);
		};
/* End PBXProject section */

/* Begin PBXResourcesBuildPhase section */
		BC52B45E2A96775400A0F663 /* Resources */ = {
			isa = PBXResourcesBuildPhase;
			buildActionMask = 2147483647;
			files = (
				BC52B4702A96775800A0F663 /* LaunchScreen.storyboard in Resources */,
				BC52B46D2A96775800A0F663 /* Assets.xcassets in Resources */,
			);
			runOnlyForDeploymentPostprocessing = 0;
		};
/* End PBXResourcesBuildPhase section */

/* Begin PBXSourcesBuildPhase section */
		BC52B45C2A96775400A0F663 /* Sources */ = {
			isa = PBXSourcesBuildPhase;
			buildActionMask = 2147483647;
			files = (
				BC5F07C02AA675CC007096F8 /* User.swift in Sources */,
				BC52B4802A99431000A0F663 /* GFTextField.swift in Sources */,
				BC52B47C2A96820200A0F663 /* FavoritesListVC.swift in Sources */,
				BC52B47E2A993DF700A0F663 /* GFButton.swift in Sources */,
				BC5F07B72AA3D2C2007096F8 /* UIViewController+Ext.swift in Sources */,
				BC52B47A2A9681C900A0F663 /* SearchVC.swift in Sources */,
				BC5F07B52AA3BF51007096F8 /* GFAlertVC.swift in Sources */,
				BC5F07B32AA3BE7B007096F8 /* GFBodyLabel.swift in Sources */,
				BC5F07BE2AA67473007096F8 /* Follower.swift in Sources */,
				BC5F07B12AA3BBE6007096F8 /* GFTitleLabel.swift in Sources */,
				BC5F07C32AA67DFF007096F8 /* NetworkManager.swift in Sources */,
				BC5F07AF2AA288C3007096F8 /* FollowerListVC.swift in Sources */,
				BC52B4642A96775400A0F663 /* AppDelegate.swift in Sources */,
				BC52B4662A96775400A0F663 /* SceneDelegate.swift in Sources */,
			);
			runOnlyForDeploymentPostprocessing = 0;
		};
/* End PBXSourcesBuildPhase section */

/* Begin PBXVariantGroup section */
		BC52B46E2A96775800A0F663 /* LaunchScreen.storyboard */ = {
			isa = PBXVariantGroup;
			children = (
				BC52B46F2A96775800A0F663 /* Base */,
			);
			name = LaunchScreen.storyboard;
			sourceTree = "<group>";
		};
/* End PBXVariantGroup section */

/* Begin XCBuildConfiguration section */
		BC52B4722A96775800A0F663 /* Debug */ = {
			isa = XCBuildConfiguration;
			buildSettings = {
				ALWAYS_SEARCH_USER_PATHS = NO;
				CLANG_ANALYZER_NONNULL = YES;
				CLANG_ANALYZER_NUMBER_OBJECT_CONVERSION = YES_AGGRESSIVE;
				CLANG_CXX_LANGUAGE_STANDARD = "gnu++20";
				CLANG_ENABLE_MODULES = YES;
				CLANG_ENABLE_OBJC_ARC = YES;
				CLANG_ENABLE_OBJC_WEAK = YES;
				CLANG_WARN_BLOCK_CAPTURE_AUTORELEASING = YES;
				CLANG_WARN_BOOL_CONVERSION = YES;
				CLANG_WARN_COMMA = YES;
				CLANG_WARN_CONSTANT_CONVERSION = YES;
				CLANG_WARN_DEPRECATED_OBJC_IMPLEMENTATIONS = YES;
				CLANG_WARN_DIRECT_OBJC_ISA_USAGE = YES_ERROR;
				CLANG_WARN_DOCUMENTATION_COMMENTS = YES;
				CLANG_WARN_EMPTY_BODY = YES;
				CLANG_WARN_ENUM_CONVERSION = YES;
				CLANG_WARN_INFINITE_RECURSION = YES;
				CLANG_WARN_INT_CONVERSION = YES;
				CLANG_WARN_NON_LITERAL_NULL_CONVERSION = YES;
				CLANG_WARN_OBJC_IMPLICIT_RETAIN_SELF = YES;
				CLANG_WARN_OBJC_LITERAL_CONVERSION = YES;
				CLANG_WARN_OBJC_ROOT_CLASS = YES_ERROR;
				CLANG_WARN_QUOTED_INCLUDE_IN_FRAMEWORK_HEADER = YES;
				CLANG_WARN_RANGE_LOOP_ANALYSIS = YES;
				CLANG_WARN_STRICT_PROTOTYPES = YES;
				CLANG_WARN_SUSPICIOUS_MOVE = YES;
				CLANG_WARN_UNGUARDED_AVAILABILITY = YES_AGGRESSIVE;
				CLANG_WARN_UNREACHABLE_CODE = YES;
				CLANG_WARN__DUPLICATE_METHOD_MATCH = YES;
				COPY_PHASE_STRIP = NO;
				DEBUG_INFORMATION_FORMAT = dwarf;
				ENABLE_STRICT_OBJC_MSGSEND = YES;
				ENABLE_TESTABILITY = YES;
				GCC_C_LANGUAGE_STANDARD = gnu11;
				GCC_DYNAMIC_NO_PIC = NO;
				GCC_NO_COMMON_BLOCKS = YES;
				GCC_OPTIMIZATION_LEVEL = 0;
				GCC_PREPROCESSOR_DEFINITIONS = (
					"DEBUG=1",
					"$(inherited)",
				);
				GCC_WARN_64_TO_32_BIT_CONVERSION = YES;
				GCC_WARN_ABOUT_RETURN_TYPE = YES_ERROR;
				GCC_WARN_UNDECLARED_SELECTOR = YES;
				GCC_WARN_UNINITIALIZED_AUTOS = YES_AGGRESSIVE;
				GCC_WARN_UNUSED_FUNCTION = YES;
				GCC_WARN_UNUSED_VARIABLE = YES;
				IPHONEOS_DEPLOYMENT_TARGET = 16.4;
				MTL_ENABLE_DEBUG_INFO = INCLUDE_SOURCE;
				MTL_FAST_MATH = YES;
				ONLY_ACTIVE_ARCH = YES;
				SDKROOT = iphoneos;
				SWIFT_ACTIVE_COMPILATION_CONDITIONS = DEBUG;
				SWIFT_OPTIMIZATION_LEVEL = "-Onone";
			};
			name = Debug;
		};
		BC52B4732A96775800A0F663 /* Release */ = {
			isa = XCBuildConfiguration;
			buildSettings = {
				ALWAYS_SEARCH_USER_PATHS = NO;
				CLANG_ANALYZER_NONNULL = YES;
				CLANG_ANALYZER_NUMBER_OBJECT_CONVERSION = YES_AGGRESSIVE;
				CLANG_CXX_LANGUAGE_STANDARD = "gnu++20";
				CLANG_ENABLE_MODULES = YES;
				CLANG_ENABLE_OBJC_ARC = YES;
				CLANG_ENABLE_OBJC_WEAK = YES;
				CLANG_WARN_BLOCK_CAPTURE_AUTORELEASING = YES;
				CLANG_WARN_BOOL_CONVERSION = YES;
				CLANG_WARN_COMMA = YES;
				CLANG_WARN_CONSTANT_CONVERSION = YES;
				CLANG_WARN_DEPRECATED_OBJC_IMPLEMENTATIONS = YES;
				CLANG_WARN_DIRECT_OBJC_ISA_USAGE = YES_ERROR;
				CLANG_WARN_DOCUMENTATION_COMMENTS = YES;
				CLANG_WARN_EMPTY_BODY = YES;
				CLANG_WARN_ENUM_CONVERSION = YES;
				CLANG_WARN_INFINITE_RECURSION = YES;
				CLANG_WARN_INT_CONVERSION = YES;
				CLANG_WARN_NON_LITERAL_NULL_CONVERSION = YES;
				CLANG_WARN_OBJC_IMPLICIT_RETAIN_SELF = YES;
				CLANG_WARN_OBJC_LITERAL_CONVERSION = YES;
				CLANG_WARN_OBJC_ROOT_CLASS = YES_ERROR;
				CLANG_WARN_QUOTED_INCLUDE_IN_FRAMEWORK_HEADER = YES;
				CLANG_WARN_RANGE_LOOP_ANALYSIS = YES;
				CLANG_WARN_STRICT_PROTOTYPES = YES;
				CLANG_WARN_SUSPICIOUS_MOVE = YES;
				CLANG_WARN_UNGUARDED_AVAILABILITY = YES_AGGRESSIVE;
				CLANG_WARN_UNREACHABLE_CODE = YES;
				CLANG_WARN__DUPLICATE_METHOD_MATCH = YES;
				COPY_PHASE_STRIP = NO;
				DEBUG_INFORMATION_FORMAT = "dwarf-with-dsym";
				ENABLE_NS_ASSERTIONS = NO;
				ENABLE_STRICT_OBJC_MSGSEND = YES;
				GCC_C_LANGUAGE_STANDARD = gnu11;
				GCC_NO_COMMON_BLOCKS = YES;
				GCC_WARN_64_TO_32_BIT_CONVERSION = YES;
				GCC_WARN_ABOUT_RETURN_TYPE = YES_ERROR;
				GCC_WARN_UNDECLARED_SELECTOR = YES;
				GCC_WARN_UNINITIALIZED_AUTOS = YES_AGGRESSIVE;
				GCC_WARN_UNUSED_FUNCTION = YES;
				GCC_WARN_UNUSED_VARIABLE = YES;
				IPHONEOS_DEPLOYMENT_TARGET = 16.4;
				MTL_ENABLE_DEBUG_INFO = NO;
				MTL_FAST_MATH = YES;
				SDKROOT = iphoneos;
				SWIFT_COMPILATION_MODE = wholemodule;
				SWIFT_OPTIMIZATION_LEVEL = "-O";
				VALIDATE_PRODUCT = YES;
			};
			name = Release;
		};
		BC52B4752A96775800A0F663 /* Debug */ = {
			isa = XCBuildConfiguration;
			buildSettings = {
				ASSETCATALOG_COMPILER_APPICON_NAME = AppIcon;
				ASSETCATALOG_COMPILER_GLOBAL_ACCENT_COLOR_NAME = AccentColor;
				CODE_SIGN_STYLE = Automatic;
				CURRENT_PROJECT_VERSION = 1;
				GENERATE_INFOPLIST_FILE = YES;
				INFOPLIST_FILE = GHFollowers/Info.plist;
				INFOPLIST_KEY_UIApplicationSupportsIndirectInputEvents = YES;
				INFOPLIST_KEY_UILaunchStoryboardName = LaunchScreen;
				INFOPLIST_KEY_UISupportedInterfaceOrientations = UIInterfaceOrientationPortrait;
				LD_RUNPATH_SEARCH_PATHS = (
					"$(inherited)",
					"@executable_path/Frameworks",
				);
				MARKETING_VERSION = 1.0;
				PRODUCT_BUNDLE_IDENTIFIER = VinceMuller.GHFollowers;
				PRODUCT_NAME = "$(TARGET_NAME)";
				SWIFT_EMIT_LOC_STRINGS = YES;
				SWIFT_VERSION = 5.0;
				TARGETED_DEVICE_FAMILY = "1,2";
			};
			name = Debug;
		};
		BC52B4762A96775800A0F663 /* Release */ = {
			isa = XCBuildConfiguration;
			buildSettings = {
				ASSETCATALOG_COMPILER_APPICON_NAME = AppIcon;
				ASSETCATALOG_COMPILER_GLOBAL_ACCENT_COLOR_NAME = AccentColor;
				CODE_SIGN_STYLE = Automatic;
				CURRENT_PROJECT_VERSION = 1;
				GENERATE_INFOPLIST_FILE = YES;
				INFOPLIST_FILE = GHFollowers/Info.plist;
				INFOPLIST_KEY_UIApplicationSupportsIndirectInputEvents = YES;
				INFOPLIST_KEY_UILaunchStoryboardName = LaunchScreen;
				INFOPLIST_KEY_UISupportedInterfaceOrientations = UIInterfaceOrientationPortrait;
				LD_RUNPATH_SEARCH_PATHS = (
					"$(inherited)",
					"@executable_path/Frameworks",
				);
				MARKETING_VERSION = 1.0;
				PRODUCT_BUNDLE_IDENTIFIER = VinceMuller.GHFollowers;
				PRODUCT_NAME = "$(TARGET_NAME)";
				SWIFT_EMIT_LOC_STRINGS = YES;
				SWIFT_VERSION = 5.0;
				TARGETED_DEVICE_FAMILY = "1,2";
			};
			name = Release;
		};
/* End XCBuildConfiguration section */

/* Begin XCConfigurationList section */
		BC52B45B2A96775400A0F663 /* Build configuration list for PBXProject "GHFollowers" */ = {
			isa = XCConfigurationList;
			buildConfigurations = (
				BC52B4722A96775800A0F663 /* Debug */,
				BC52B4732A96775800A0F663 /* Release */,
			);
			defaultConfigurationIsVisible = 0;
			defaultConfigurationName = Release;
		};
		BC52B4742A96775800A0F663 /* Build configuration list for PBXNativeTarget "GHFollowers" */ = {
			isa = XCConfigurationList;
			buildConfigurations = (
				BC52B4752A96775800A0F663 /* Debug */,
				BC52B4762A96775800A0F663 /* Release */,
			);
			defaultConfigurationIsVisible = 0;
			defaultConfigurationName = Release;
		};
/* End XCConfigurationList section */
	};
	rootObject = BC52B4582A96775400A0F663 /* Project object */;
}
